
Microsoft Visual Studio Solution File, Format Version 12.00
# Visual Studio 15
VisualStudioVersion = 15.0.27130.2027
MinimumVisualStudioVersion = 10.0.40219.1
Project("{FAE04EC0-301F-11D3-BF4B-00C04F79EFBC}") = "GeoContacts.iOS", "GeoContacts\GeoContacts.iOS\GeoContacts.iOS.csproj", "{C4CB2FEA-534A-463F-80BB-FA16C19E17FB}"
EndProject
Project("{9A19103F-16F7-4668-BE54-9A1E7A4F7556}") = "GeoContacts", "GeoContacts\GeoContacts\GeoContacts.csproj", "{08D65A14-52B5-447A-AF25-5CC56977EEF4}"
EndProject
Project("{2150E333-8FDC-42A3-9474-1A3956D46DE8}") = "Solution Items", "Solution Items", "{249BE0CF-7A1B-4B62-9E71-4AA85501BC2A}"
	ProjectSection(SolutionItems) = preProject
		GeoContacts\GeoContacts.Android\mobile-center-post-clone.sh = GeoContacts\GeoContacts.Android\mobile-center-post-clone.sh
		GeoContacts\GeoContacts.iOS\mobile-center-post-clone.sh = GeoContacts\GeoContacts.iOS\mobile-center-post-clone.sh
		..\README.md = ..\README.md
	EndProjectSection
EndProject
Project("{2150E333-8FDC-42A3-9474-1A3956D46DE8}") = "Functions", "Functions", "{39DEDF2C-E5B0-482C-96E4-2C1462933E5F}"
EndProject
Project("{9A19103F-16F7-4668-BE54-9A1E7A4F7556}") = "GeoContacts.SharedModels", "GeoContacts.SharedModels\GeoContacts.SharedModels.csproj", "{7C0A48E3-CA3A-42B2-9D78-DB7F9BF0BD59}"
EndProject
Global
	GlobalSection(SolutionConfigurationPlatforms) = preSolution
		Ad-Hoc|Any CPU = Ad-Hoc|Any CPU
		Ad-Hoc|ARM = Ad-Hoc|ARM
		Ad-Hoc|iPhone = Ad-Hoc|iPhone
		Ad-Hoc|iPhoneSimulator = Ad-Hoc|iPhoneSimulator
		Ad-Hoc|x64 = Ad-Hoc|x64
		Ad-Hoc|x86 = Ad-Hoc|x86
		AppStore|Any CPU = AppStore|Any CPU
		AppStore|ARM = AppStore|ARM
		AppStore|iPhone = AppStore|iPhone
		AppStore|iPhoneSimulator = AppStore|iPhoneSimulator
		AppStore|x64 = AppStore|x64
		AppStore|x86 = AppStore|x86
		Debug|Any CPU = Debug|Any CPU
		Debug|ARM = Debug|ARM
		Debug|iPhone = Debug|iPhone
		Debug|iPhoneSimulator = Debug|iPhoneSimulator
		Debug|x64 = Debug|x64
		Debug|x86 = Debug|x86
		Release|Any CPU = Release|Any CPU
		Release|ARM = Release|ARM
		Release|iPhone = Release|iPhone
		Release|iPhoneSimulator = Release|iPhoneSimulator
		Release|x64 = Release|x64
		Release|x86 = Release|x86
	EndGlobalSection
	GlobalSection(ProjectConfigurationPlatforms) = postSolution
		{C4CB2FEA-534A-463F-80BB-FA16C19E17FB}.Ad-Hoc|Any CPU.ActiveCfg = Ad-Hoc|iPhone
		{C4CB2FEA-534A-463F-80BB-FA16C19E17FB}.Ad-Hoc|ARM.ActiveCfg = Ad-Hoc|iPhone
		{C4CB2FEA-534A-463F-80BB-FA16C19E17FB}.Ad-Hoc|iPhone.ActiveCfg = Ad-Hoc|iPhone
		{C4CB2FEA-534A-463F-80BB-FA16C19E17FB}.Ad-Hoc|iPhone.Build.0 = Ad-Hoc|iPhone
		{C4CB2FEA-534A-463F-80BB-FA16C19E17FB}.Ad-Hoc|iPhoneSimulator.ActiveCfg = Ad-Hoc|iPhoneSimulator
		{C4CB2FEA-534A-463F-80BB-FA16C19E17FB}.Ad-Hoc|iPhoneSimulator.Build.0 = Ad-Hoc|iPhoneSimulator
		{C4CB2FEA-534A-463F-80BB-FA16C19E17FB}.Ad-Hoc|x64.ActiveCfg = Ad-Hoc|iPhone
		{C4CB2FEA-534A-463F-80BB-FA16C19E17FB}.Ad-Hoc|x86.ActiveCfg = Ad-Hoc|iPhone
		{C4CB2FEA-534A-463F-80BB-FA16C19E17FB}.AppStore|Any CPU.ActiveCfg = AppStore|iPhone
		{C4CB2FEA-534A-463F-80BB-FA16C19E17FB}.AppStore|ARM.ActiveCfg = AppStore|iPhone
		{C4CB2FEA-534A-463F-80BB-FA16C19E17FB}.AppStore|iPhone.ActiveCfg = AppStore|iPhone
		{C4CB2FEA-534A-463F-80BB-FA16C19E17FB}.AppStore|iPhone.Build.0 = AppStore|iPhone
		{C4CB2FEA-534A-463F-80BB-FA16C19E17FB}.AppStore|iPhoneSimulator.ActiveCfg = AppStore|iPhoneSimulator
		{C4CB2FEA-534A-463F-80BB-FA16C19E17FB}.AppStore|iPhoneSimulator.Build.0 = AppStore|iPhoneSimulator
		{C4CB2FEA-534A-463F-80BB-FA16C19E17FB}.AppStore|x64.ActiveCfg = AppStore|iPhone
		{C4CB2FEA-534A-463F-80BB-FA16C19E17FB}.AppStore|x86.ActiveCfg = AppStore|iPhone
		{C4CB2FEA-534A-463F-80BB-FA16C19E17FB}.Debug|Any CPU.ActiveCfg = Debug|iPhone
		{C4CB2FEA-534A-463F-80BB-FA16C19E17FB}.Debug|ARM.ActiveCfg = Debug|iPhone
		{C4CB2FEA-534A-463F-80BB-FA16C19E17FB}.Debug|iPhone.ActiveCfg = Debug|iPhone
		{C4CB2FEA-534A-463F-80BB-FA16C19E17FB}.Debug|iPhone.Build.0 = Debug|iPhone
		{C4CB2FEA-534A-463F-80BB-FA16C19E17FB}.Debug|iPhoneSimulator.ActiveCfg = Debug|iPhoneSimulator
		{C4CB2FEA-534A-463F-80BB-FA16C19E17FB}.Debug|iPhoneSimulator.Build.0 = Debug|iPhoneSimulator
		{C4CB2FEA-534A-463F-80BB-FA16C19E17FB}.Debug|x64.ActiveCfg = Debug|iPhone
		{C4CB2FEA-534A-463F-80BB-FA16C19E17FB}.Debug|x86.ActiveCfg = Debug|iPhone
		{C4CB2FEA-534A-463F-80BB-FA16C19E17FB}.Release|Any CPU.ActiveCfg = Release|iPhone
		{C4CB2FEA-534A-463F-80BB-FA16C19E17FB}.Release|ARM.ActiveCfg = Release|iPhone
		{C4CB2FEA-534A-463F-80BB-FA16C19E17FB}.Release|iPhone.ActiveCfg = Release|iPhone
		{C4CB2FEA-534A-463F-80BB-FA16C19E17FB}.Release|iPhone.Build.0 = Release|iPhone
		{C4CB2FEA-534A-463F-80BB-FA16C19E17FB}.Release|iPhoneSimulator.ActiveCfg = Release|iPhoneSimulator
		{C4CB2FEA-534A-463F-80BB-FA16C19E17FB}.Release|iPhoneSimulator.Build.0 = Release|iPhoneSimulator
		{C4CB2FEA-534A-463F-80BB-FA16C19E17FB}.Release|x64.ActiveCfg = Release|iPhone
		{C4CB2FEA-534A-463F-80BB-FA16C19E17FB}.Release|x86.ActiveCfg = Release|iPhone
		{08D65A14-52B5-447A-AF25-5CC56977EEF4}.Ad-Hoc|Any CPU.ActiveCfg = Debug|Any CPU
		{08D65A14-52B5-447A-AF25-5CC56977EEF4}.Ad-Hoc|Any CPU.Build.0 = Debug|Any CPU
		{08D65A14-52B5-447A-AF25-5CC56977EEF4}.Ad-Hoc|ARM.ActiveCfg = Debug|Any CPU
		{08D65A14-52B5-447A-AF25-5CC56977EEF4}.Ad-Hoc|ARM.Build.0 = Debug|Any CPU
		{08D65A14-52B5-447A-AF25-5CC56977EEF4}.Ad-Hoc|iPhone.ActiveCfg = Debug|Any CPU
		{08D65A14-52B5-447A-AF25-5CC56977EEF4}.Ad-Hoc|iPhone.Build.0 = Debug|Any CPU
		{08D65A14-52B5-447A-AF25-5CC56977EEF4}.Ad-Hoc|iPhoneSimulator.ActiveCfg = Debug|Any CPU
		{08D65A14-52B5-447A-AF25-5CC56977EEF4}.Ad-Hoc|iPhoneSimulator.Build.0 = Debug|Any CPU
		{08D65A14-52B5-447A-AF25-5CC56977EEF4}.Ad-Hoc|x64.ActiveCfg = Debug|Any CPU
		{08D65A14-52B5-447A-AF25-5CC56977EEF4}.Ad-Hoc|x64.Build.0 = Debug|Any CPU
		{08D65A14-52B5-447A-AF25-5CC56977EEF4}.Ad-Hoc|x86.ActiveCfg = Debug|Any CPU
		{08D65A14-52B5-447A-AF25-5CC56977EEF4}.Ad-Hoc|x86.Build.0 = Debug|Any CPU
		{08D65A14-52B5-447A-AF25-5CC56977EEF4}.AppStore|Any CPU.ActiveCfg = Debug|Any CPU
		{08D65A14-52B5-447A-AF25-5CC56977EEF4}.AppStore|Any CPU.Build.0 = Debug|Any CPU
		{08D65A14-52B5-447A-AF25-5CC56977EEF4}.AppStore|ARM.ActiveCfg = Debug|Any CPU
		{08D65A14-52B5-447A-AF25-5CC56977EEF4}.AppStore|ARM.Build.0 = Debug|Any CPU
		{08D65A14-52B5-447A-AF25-5CC56977EEF4}.AppStore|iPhone.ActiveCfg = Debug|Any CPU
		{08D65A14-52B5-447A-AF25-5CC56977EEF4}.AppStore|iPhone.Build.0 = Debug|Any CPU
		{08D65A14-52B5-447A-AF25-5CC56977EEF4}.AppStore|iPhoneSimulator.ActiveCfg = Debug|Any CPU
		{08D65A14-52B5-447A-AF25-5CC56977EEF4}.AppStore|iPhoneSimulator.Build.0 = Debug|Any CPU
		{08D65A14-52B5-447A-AF25-5CC56977EEF4}.AppStore|x64.ActiveCfg = Debug|Any CPU
		{08D65A14-52B5-447A-AF25-5CC56977EEF4}.AppStore|x64.Build.0 = Debug|Any CPU
		{08D65A14-52B5-447A-AF25-5CC56977EEF4}.AppStore|x86.ActiveCfg = Debug|Any CPU
		{08D65A14-52B5-447A-AF25-5CC56977EEF4}.AppStore|x86.Build.0 = Debug|Any CPU
		{08D65A14-52B5-447A-AF25-5CC56977EEF4}.Debug|Any CPU.ActiveCfg = Debug|Any CPU
		{08D65A14-52B5-447A-AF25-5CC56977EEF4}.Debug|Any CPU.Build.0 = Debug|Any CPU
		{08D65A14-52B5-447A-AF25-5CC56977EEF4}.Debug|ARM.ActiveCfg = Debug|Any CPU
		{08D65A14-52B5-447A-AF25-5CC56977EEF4}.Debug|ARM.Build.0 = Debug|Any CPU
		{08D65A14-52B5-447A-AF25-5CC56977EEF4}.Debug|iPhone.ActiveCfg = Debug|Any CPU
		{08D65A14-52B5-447A-AF25-5CC56977EEF4}.Debug|iPhone.Build.0 = Debug|Any CPU
		{08D65A14-52B5-447A-AF25-5CC56977EEF4}.Debug|iPhoneSimulator.ActiveCfg = Debug|Any CPU
		{08D65A14-52B5-447A-AF25-5CC56977EEF4}.Debug|iPhoneSimulator.Build.0 = Debug|Any CPU
		{08D65A14-52B5-447A-AF25-5CC56977EEF4}.Debug|x64.ActiveCfg = Debug|Any CPU
		{08D65A14-52B5-447A-AF25-5CC56977EEF4}.Debug|x64.Build.0 = Debug|Any CPU
		{08D65A14-52B5-447A-AF25-5CC56977EEF4}.Debug|x86.ActiveCfg = Debug|Any CPU
		{08D65A14-52B5-447A-AF25-5CC56977EEF4}.Debug|x86.Build.0 = Debug|Any CPU
		{08D65A14-52B5-447A-AF25-5CC56977EEF4}.Release|Any CPU.ActiveCfg = Release|Any CPU
		{08D65A14-52B5-447A-AF25-5CC56977EEF4}.Release|Any CPU.Build.0 = Release|Any CPU
		{08D65A14-52B5-447A-AF25-5CC56977EEF4}.Release|ARM.ActiveCfg = Release|Any CPU
		{08D65A14-52B5-447A-AF25-5CC56977EEF4}.Release|ARM.Build.0 = Release|Any CPU
		{08D65A14-52B5-447A-AF25-5CC56977EEF4}.Release|iPhone.ActiveCfg = Release|Any CPU
		{08D65A14-52B5-447A-AF25-5CC56977EEF4}.Release|iPhone.Build.0 = Release|Any CPU
		{08D65A14-52B5-447A-AF25-5CC56977EEF4}.Release|iPhoneSimulator.ActiveCfg = Release|Any CPU
		{08D65A14-52B5-447A-AF25-5CC56977EEF4}.Release|iPhoneSimulator.Build.0 = Release|Any CPU
		{08D65A14-52B5-447A-AF25-5CC56977EEF4}.Release|x64.ActiveCfg = Release|Any CPU
		{08D65A14-52B5-447A-AF25-5CC56977EEF4}.Release|x64.Build.0 = Release|Any CPU
		{08D65A14-52B5-447A-AF25-5CC56977EEF4}.Release|x86.ActiveCfg = Release|Any CPU
		{08D65A14-52B5-447A-AF25-5CC56977EEF4}.Release|x86.Build.0 = Release|Any CPU
		{7C0A48E3-CA3A-42B2-9D78-DB7F9BF0BD59}.Ad-Hoc|Any CPU.ActiveCfg = Debug|Any CPU
		{7C0A48E3-CA3A-42B2-9D78-DB7F9BF0BD59}.Ad-Hoc|Any CPU.Build.0 = Debug|Any CPU
		{7C0A48E3-CA3A-42B2-9D78-DB7F9BF0BD59}.Ad-Hoc|ARM.ActiveCfg = Debug|Any CPU
		{7C0A48E3-CA3A-42B2-9D78-DB7F9BF0BD59}.Ad-Hoc|ARM.Build.0 = Debug|Any CPU
		{7C0A48E3-CA3A-42B2-9D78-DB7F9BF0BD59}.Ad-Hoc|iPhone.ActiveCfg = Debug|Any CPU
		{7C0A48E3-CA3A-42B2-9D78-DB7F9BF0BD59}.Ad-Hoc|iPhone.Build.0 = Debug|Any CPU
		{7C0A48E3-CA3A-42B2-9D78-DB7F9BF0BD59}.Ad-Hoc|iPhoneSimulator.ActiveCfg = Debug|Any CPU
		{7C0A48E3-CA3A-42B2-9D78-DB7F9BF0BD59}.Ad-Hoc|iPhoneSimulator.Build.0 = Debug|Any CPU
		{7C0A48E3-CA3A-42B2-9D78-DB7F9BF0BD59}.Ad-Hoc|x64.ActiveCfg = Debug|Any CPU
		{7C0A48E3-CA3A-42B2-9D78-DB7F9BF0BD59}.Ad-Hoc|x64.Build.0 = Debug|Any CPU
		{7C0A48E3-CA3A-42B2-9D78-DB7F9BF0BD59}.Ad-Hoc|x86.ActiveCfg = Debug|Any CPU
		{7C0A48E3-CA3A-42B2-9D78-DB7F9BF0BD59}.Ad-Hoc|x86.Build.0 = Debug|Any CPU
		{7C0A48E3-CA3A-42B2-9D78-DB7F9BF0BD59}.AppStore|Any CPU.ActiveCfg = Debug|Any CPU
		{7C0A48E3-CA3A-42B2-9D78-DB7F9BF0BD59}.AppStore|Any CPU.Build.0 = Debug|Any CPU
		{7C0A48E3-CA3A-42B2-9D78-DB7F9BF0BD59}.AppStore|ARM.ActiveCfg = Debug|Any CPU
		{7C0A48E3-CA3A-42B2-9D78-DB7F9BF0BD59}.AppStore|ARM.Build.0 = Debug|Any CPU
		{7C0A48E3-CA3A-42B2-9D78-DB7F9BF0BD59}.AppStore|iPhone.ActiveCfg = Debug|Any CPU
		{7C0A48E3-CA3A-42B2-9D78-DB7F9BF0BD59}.AppStore|iPhone.Build.0 = Debug|Any CPU
		{7C0A48E3-CA3A-42B2-9D78-DB7F9BF0BD59}.AppStore|iPhoneSimulator.ActiveCfg = Debug|Any CPU
		{7C0A48E3-CA3A-42B2-9D78-DB7F9BF0BD59}.AppStore|iPhoneSimulator.Build.0 = Debug|Any CPU
		{7C0A48E3-CA3A-42B2-9D78-DB7F9BF0BD59}.AppStore|x64.ActiveCfg = Debug|Any CPU
		{7C0A48E3-CA3A-42B2-9D78-DB7F9BF0BD59}.AppStore|x64.Build.0 = Debug|Any CPU
		{7C0A48E3-CA3A-42B2-9D78-DB7F9BF0BD59}.AppStore|x86.ActiveCfg = Debug|Any CPU
		{7C0A48E3-CA3A-42B2-9D78-DB7F9BF0BD59}.AppStore|x86.Build.0 = Debug|Any CPU
		{7C0A48E3-CA3A-42B2-9D78-DB7F9BF0BD59}.Debug|Any CPU.ActiveCfg = Debug|Any CPU
		{7C0A48E3-CA3A-42B2-9D78-DB7F9BF0BD59}.Debug|Any CPU.Build.0 = Debug|Any CPU
		{7C0A48E3-CA3A-42B2-9D78-DB7F9BF0BD59}.Debug|ARM.ActiveCfg = Debug|Any CPU
		{7C0A48E3-CA3A-42B2-9D78-DB7F9BF0BD59}.Debug|ARM.Build.0 = Debug|Any CPU
		{7C0A48E3-CA3A-42B2-9D78-DB7F9BF0BD59}.Debug|iPhone.ActiveCfg = Debug|Any CPU
		{7C0A48E3-CA3A-42B2-9D78-DB7F9BF0BD59}.Debug|iPhone.Build.0 = Debug|Any CPU
		{7C0A48E3-CA3A-42B2-9D78-DB7F9BF0BD59}.Debug|iPhoneSimulator.ActiveCfg = Debug|Any CPU
		{7C0A48E3-CA3A-42B2-9D78-DB7F9BF0BD59}.Debug|iPhoneSimulator.Build.0 = Debug|Any CPU
		{7C0A48E3-CA3A-42B2-9D78-DB7F9BF0BD59}.Debug|x64.ActiveCfg = Debug|Any CPU
		{7C0A48E3-CA3A-42B2-9D78-DB7F9BF0BD59}.Debug|x64.Build.0 = Debug|Any CPU
		{7C0A48E3-CA3A-42B2-9D78-DB7F9BF0BD59}.Debug|x86.ActiveCfg = Debug|Any CPU
		{7C0A48E3-CA3A-42B2-9D78-DB7F9BF0BD59}.Debug|x86.Build.0 = Debug|Any CPU
		{7C0A48E3-CA3A-42B2-9D78-DB7F9BF0BD59}.Release|Any CPU.ActiveCfg = Release|Any CPU
		{7C0A48E3-CA3A-42B2-9D78-DB7F9BF0BD59}.Release|Any CPU.Build.0 = Release|Any CPU
		{7C0A48E3-CA3A-42B2-9D78-DB7F9BF0BD59}.Release|ARM.ActiveCfg = Release|Any CPU
		{7C0A48E3-CA3A-42B2-9D78-DB7F9BF0BD59}.Release|ARM.Build.0 = Release|Any CPU
		{7C0A48E3-CA3A-42B2-9D78-DB7F9BF0BD59}.Release|iPhone.ActiveCfg = Release|Any CPU
		{7C0A48E3-CA3A-42B2-9D78-DB7F9BF0BD59}.Release|iPhone.Build.0 = Release|Any CPU
		{7C0A48E3-CA3A-42B2-9D78-DB7F9BF0BD59}.Release|iPhoneSimulator.ActiveCfg = Release|Any CPU
		{7C0A48E3-CA3A-42B2-9D78-DB7F9BF0BD59}.Release|iPhoneSimulator.Build.0 = Release|Any CPU
		{7C0A48E3-CA3A-42B2-9D78-DB7F9BF0BD59}.Release|x64.ActiveCfg = Release|Any CPU
		{7C0A48E3-CA3A-42B2-9D78-DB7F9BF0BD59}.Release|x64.Build.0 = Release|Any CPU
		{7C0A48E3-CA3A-42B2-9D78-DB7F9BF0BD59}.Release|x86.ActiveCfg = Release|Any CPU
		{7C0A48E3-CA3A-42B2-9D78-DB7F9BF0BD59}.Release|x86.Build.0 = Release|Any CPU
	EndGlobalSection
	GlobalSection(SolutionProperties) = preSolution
		HideSolutionNode = FALSE
	EndGlobalSection
	GlobalSection(NestedProjects) = preSolution
		{7C0A48E3-CA3A-42B2-9D78-DB7F9BF0BD59} = {39DEDF2C-E5B0-482C-96E4-2C1462933E5F}
	EndGlobalSection
	GlobalSection(ExtensibilityGlobals) = postSolution
		SolutionGuid = {6EC3A052-3DAB-406F-9044-B7B111D2F879}
	EndGlobalSection
EndGlobal
